
Microsoft Visual Studio Solution File, Format Version 12.00
# Visual Studio 15
VisualStudioVersion = 15.0.27703.2035
MinimumVisualStudioVersion = 10.0.40219.1
Project("{FAE04EC0-301F-11D3-BF4B-00C04F79EFBC}") = "XF.Layout.Android", "XF.Layout\XF.Layout.Android\XF.Layout.Android.csproj", "{36CABC85-33D5-4199-8D1D-E7930228038A}"
EndProject
Project("{FAE04EC0-301F-11D3-BF4B-00C04F79EFBC}") = "XF.Layout.iOS", "XF.Layout\XF.Layout.iOS\XF.Layout.iOS.csproj", "{D8651043-40F3-4D7C-80C8-3E80767F8BCE}"
EndProject
Project("{FAE04EC0-301F-11D3-BF4B-00C04F79EFBC}") = "XF.Layout", "XF.Layout\XF.Layout\XF.Layout.csproj", "{A42DA17C-523C-4CBB-8561-671A38E1499A}"
EndProject
Global
	GlobalSection(SolutionConfigurationPlatforms) = preSolution
		Ad-Hoc|Any CPU = Ad-Hoc|Any CPU
		Ad-Hoc|iPhone = Ad-Hoc|iPhone
		Ad-Hoc|iPhoneSimulator = Ad-Hoc|iPhoneSimulator
		AppStore|Any CPU = AppStore|Any CPU
		AppStore|iPhone = AppStore|iPhone
		AppStore|iPhoneSimulator = AppStore|iPhoneSimulator
		Debug|Any CPU = Debug|Any CPU
		Debug|iPhone = Debug|iPhone
		Debug|iPhoneSimulator = Debug|iPhoneSimulator
		Release|Any CPU = Release|Any CPU
		Release|iPhone = Release|iPhone
		Release|iPhoneSimulator = Release|iPhoneSimulator
	EndGlobalSection
	GlobalSection(ProjectConfigurationPlatforms) = postSolution
		{36CABC85-33D5-4199-8D1D-E7930228038A}.Ad-Hoc|Any CPU.ActiveCfg = Release|Any CPU
		{36CABC85-33D5-4199-8D1D-E7930228038A}.Ad-Hoc|Any CPU.Build.0 = Release|Any CPU
		{36CABC85-33D5-4199-8D1D-E7930228038A}.Ad-Hoc|Any CPU.Deploy.0 = Release|Any CPU
		{36CABC85-33D5-4199-8D1D-E7930228038A}.Ad-Hoc|iPhone.ActiveCfg = Release|Any CPU
		{36CABC85-33D5-4199-8D1D-E7930228038A}.Ad-Hoc|iPhone.Build.0 = Release|Any CPU
		{36CABC85-33D5-4199-8D1D-E7930228038A}.Ad-Hoc|iPhone.Deploy.0 = Release|Any CPU
		{36CABC85-33D5-4199-8D1D-E7930228038A}.Ad-Hoc|iPhoneSimulator.ActiveCfg = Release|Any CPU
		{36CABC85-33D5-4199-8D1D-E7930228038A}.Ad-Hoc|iPhoneSimulator.Build.0 = Release|Any CPU
		{36CABC85-33D5-4199-8D1D-E7930228038A}.Ad-Hoc|iPhoneSimulator.Deploy.0 = Release|Any CPU
		{36CABC85-33D5-4199-8D1D-E7930228038A}.AppStore|Any CPU.ActiveCfg = Release|Any CPU
		{36CABC85-33D5-4199-8D1D-E7930228038A}.AppStore|Any CPU.Build.0 = Release|Any CPU
		{36CABC85-33D5-4199-8D1D-E7930228038A}.AppStore|Any CPU.Deploy.0 = Release|Any CPU
		{36CABC85-33D5-4199-8D1D-E7930228038A}.AppStore|iPhone.ActiveCfg = Release|Any CPU
		{36CABC85-33D5-4199-8D1D-E7930228038A}.AppStore|iPhone.Build.0 = Release|Any CPU
		{36CABC85-33D5-4199-8D1D-E7930228038A}.AppStore|iPhone.Deploy.0 = Release|Any CPU
		{36CABC85-33D5-4199-8D1D-E7930228038A}.AppStore|iPhoneSimulator.ActiveCfg = Release|Any CPU
		{36CABC85-33D5-4199-8D1D-E7930228038A}.AppStore|iPhoneSimulator.Build.0 = Release|Any CPU
		{36CABC85-33D5-4199-8D1D-E7930228038A}.AppStore|iPhoneSimulator.Deploy.0 = Release|Any CPU
		{36CABC85-33D5-4199-8D1D-E7930228038A}.Debug|Any CPU.ActiveCfg = Debug|Any CPU
		{36CABC85-33D5-4199-8D1D-E7930228038A}.Debug|Any CPU.Build.0 = Debug|Any CPU
		{36CABC85-33D5-4199-8D1D-E7930228038A}.Debug|Any CPU.Deploy.0 = Debug|Any CPU
		{36CABC85-33D5-4199-8D1D-E7930228038A}.Debug|iPhone.ActiveCfg = Debug|Any CPU
		{36CABC85-33D5-4199-8D1D-E7930228038A}.Debug|iPhone.Build.0 = Debug|Any CPU
		{36CABC85-33D5-4199-8D1D-E7930228038A}.Debug|iPhone.Deploy.0 = Debug|Any CPU
		{36CABC85-33D5-4199-8D1D-E7930228038A}.Debug|iPhoneSimulator.ActiveCfg = Debug|Any CPU
		{36CABC85-33D5-4199-8D1D-E7930228038A}.Debug|iPhoneSimulator.Build.0 = Debug|Any CPU
		{36CABC85-33D5-4199-8D1D-E7930228038A}.Debug|iPhoneSimulator.Deploy.0 = Debug|Any CPU
		{36CABC85-33D5-4199-8D1D-E7930228038A}.Release|Any CPU.ActiveCfg = Release|Any CPU
		{36CABC85-33D5-4199-8D1D-E7930228038A}.Release|Any CPU.Build.0 = Release|Any CPU
		{36CABC85-33D5-4199-8D1D-E7930228038A}.Release|Any CPU.Deploy.0 = Release|Any CPU
		{36CABC85-33D5-4199-8D1D-E7930228038A}.Release|iPhone.ActiveCfg = Release|Any CPU
		{36CABC85-33D5-4199-8D1D-E7930228038A}.Release|iPhone.Build.0 = Release|Any CPU
		{36CABC85-33D5-4199-8D1D-E7930228038A}.Release|iPhone.Deploy.0 = Release|Any CPU
		{36CABC85-33D5-4199-8D1D-E7930228038A}.Release|iPhoneSimulator.ActiveCfg = Release|Any CPU
		{36CABC85-33D5-4199-8D1D-E7930228038A}.Release|iPhoneSimulator.Build.0 = Release|Any CPU
		{36CABC85-33D5-4199-8D1D-E7930228038A}.Release|iPhoneSimulator.Deploy.0 = Release|Any CPU
		{D8651043-40F3-4D7C-80C8-3E80767F8BCE}.Ad-Hoc|Any CPU.ActiveCfg = Ad-Hoc|iPhone
		{D8651043-40F3-4D7C-80C8-3E80767F8BCE}.Ad-Hoc|Any CPU.Build.0 = Ad-Hoc|iPhone
		{D8651043-40F3-4D7C-80C8-3E80767F8BCE}.Ad-Hoc|Any CPU.Deploy.0 = Ad-Hoc|iPhone
		{D8651043-40F3-4D7C-80C8-3E80767F8BCE}.Ad-Hoc|iPhone.ActiveCfg = Ad-Hoc|iPhone
		{D8651043-40F3-4D7C-80C8-3E80767F8BCE}.Ad-Hoc|iPhone.Build.0 = Ad-Hoc|iPhone
		{D8651043-40F3-4D7C-80C8-3E80767F8BCE}.Ad-Hoc|iPhone.Deploy.0 = Ad-Hoc|iPhone
		{D8651043-40F3-4D7C-80C8-3E80767F8BCE}.Ad-Hoc|iPhoneSimulator.ActiveCfg = Ad-Hoc|iPhoneSimulator
		{D8651043-40F3-4D7C-80C8-3E80767F8BCE}.Ad-Hoc|iPhoneSimulator.Build.0 = Ad-Hoc|iPhoneSimulator
		{D8651043-40F3-4D7C-80C8-3E80767F8BCE}.Ad-Hoc|iPhoneSimulator.Deploy.0 = Ad-Hoc|iPhoneSimulator
		{D8651043-40F3-4D7C-80C8-3E80767F8BCE}.AppStore|Any CPU.ActiveCfg = AppStore|iPhone
		{D8651043-40F3-4D7C-80C8-3E80767F8BCE}.AppStore|Any CPU.Build.0 = AppStore|iPhone
		{D8651043-40F3-4D7C-80C8-3E80767F8BCE}.AppStore|Any CPU.Deploy.0 = AppStore|iPhone
		{D8651043-40F3-4D7C-80C8-3E80767F8BCE}.AppStore|iPhone.ActiveCfg = AppStore|iPhone
		{D8651043-40F3-4D7C-80C8-3E80767F8BCE}.AppStore|iPhone.Build.0 = AppStore|iPhone
		{D8651043-40F3-4D7C-80C8-3E80767F8BCE}.AppStore|iPhone.Deploy.0 = AppStore|iPhone
		{D8651043-40F3-4D7C-80C8-3E80767F8BCE}.AppStore|iPhoneSimulator.ActiveCfg = AppStore|iPhoneSimulator
		{D8651043-40F3-4D7C-80C8-3E80767F8BCE}.AppStore|iPhoneSimulator.Build.0 = AppStore|iPhoneSimulator
		{D8651043-40F3-4D7C-80C8-3E80767F8BCE}.AppStore|iPhoneSimulator.Deploy.0 = AppStore|iPhoneSimulator
		{D8651043-40F3-4D7C-80C8-3E80767F8BCE}.Debug|Any CPU.ActiveCfg = Debug|iPhoneSimulator
		{D8651043-40F3-4D7C-80C8-3E80767F8BCE}.Debug|Any CPU.Build.0 = Debug|iPhoneSimulator
		{D8651043-40F3-4D7C-80C8-3E80767F8BCE}.Debug|Any CPU.Deploy.0 = Debug|iPhoneSimulator
		{D8651043-40F3-4D7C-80C8-3E80767F8BCE}.Debug|iPhone.ActiveCfg = Debug|iPhone
		{D8651043-40F3-4D7C-80C8-3E80767F8BCE}.Debug|iPhone.Build.0 = Debug|iPhone
		{D8651043-40F3-4D7C-80C8-3E80767F8BCE}.Debug|iPhone.Deploy.0 = Debug|iPhone
		{D8651043-40F3-4D7C-80C8-3E80767F8BCE}.Debug|iPhoneSimulator.ActiveCfg = Debug|iPhoneSimulator
		{D8651043-40F3-4D7C-80C8-3E80767F8BCE}.Debug|iPhoneSimulator.Build.0 = Debug|iPhoneSimulator
		{D8651043-40F3-4D7C-80C8-3E80767F8BCE}.Debug|iPhoneSimulator.Deploy.0 = Debug|iPhoneSimulator
		{D8651043-40F3-4D7C-80C8-3E80767F8BCE}.Release|Any CPU.ActiveCfg = Release|iPhone
		{D8651043-40F3-4D7C-80C8-3E80767F8BCE}.Release|Any CPU.Build.0 = Release|iPhone
		{D8651043-40F3-4D7C-80C8-3E80767F8BCE}.Release|Any CPU.Deploy.0 = Release|iPhone
		{D8651043-40F3-4D7C-80C8-3E80767F8BCE}.Release|iPhone.ActiveCfg = Release|iPhone
		{D8651043-40F3-4D7C-80C8-3E80767F8BCE}.Release|iPhone.Build.0 = Release|iPhone
		{D8651043-40F3-4D7C-80C8-3E80767F8BCE}.Release|iPhone.Deploy.0 = Release|iPhone
		{D8651043-40F3-4D7C-80C8-3E80767F8BCE}.Release|iPhoneSimulator.ActiveCfg = Release|iPhoneSimulator
		{D8651043-40F3-4D7C-80C8-3E80767F8BCE}.Release|iPhoneSimulator.Build.0 = Release|iPhoneSimulator
		{D8651043-40F3-4D7C-80C8-3E80767F8BCE}.Release|iPhoneSimulator.Deploy.0 = Release|iPhoneSimulator
		{A42DA17C-523C-4CBB-8561-671A38E1499A}.Ad-Hoc|Any CPU.ActiveCfg = Debug|Any CPU
		{A42DA17C-523C-4CBB-8561-671A38E1499A}.Ad-Hoc|Any CPU.Build.0 = Debug|Any CPU
		{A42DA17C-523C-4CBB-8561-671A38E1499A}.Ad-Hoc|Any CPU.Deploy.0 = Debug|Any CPU
		{A42DA17C-523C-4CBB-8561-671A38E1499A}.Ad-Hoc|iPhone.ActiveCfg = Debug|Any CPU
		{A42DA17C-523C-4CBB-8561-671A38E1499A}.Ad-Hoc|iPhone.Build.0 = Debug|Any CPU
		{A42DA17C-523C-4CBB-8561-671A38E1499A}.Ad-Hoc|iPhone.Deploy.0 = Debug|Any CPU
		{A42DA17C-523C-4CBB-8561-671A38E1499A}.Ad-Hoc|iPhoneSimulator.ActiveCfg = Debug|Any CPU
		{A42DA17C-523C-4CBB-8561-671A38E1499A}.Ad-Hoc|iPhoneSimulator.Build.0 = Debug|Any CPU
		{A42DA17C-523C-4CBB-8561-671A38E1499A}.Ad-Hoc|iPhoneSimulator.Deploy.0 = Debug|Any CPU
		{A42DA17C-523C-4CBB-8561-671A38E1499A}.AppStore|Any CPU.ActiveCfg = Debug|Any CPU
		{A42DA17C-523C-4CBB-8561-671A38E1499A}.AppStore|Any CPU.Build.0 = Debug|Any CPU
		{A42DA17C-523C-4CBB-8561-671A38E1499A}.AppStore|Any CPU.Deploy.0 = Debug|Any CPU
		{A42DA17C-523C-4CBB-8561-671A38E1499A}.AppStore|iPhone.ActiveCfg = Debug|Any CPU
		{A42DA17C-523C-4CBB-8561-671A38E1499A}.AppStore|iPhone.Build.0 = Debug|Any CPU
		{A42DA17C-523C-4CBB-8561-671A38E1499A}.AppStore|iPhone.Deploy.0 = Debug|Any CPU
		{A42DA17C-523C-4CBB-8561-671A38E1499A}.AppStore|iPhoneSimulator.ActiveCfg = Debug|Any CPU
		{A42DA17C-523C-4CBB-8561-671A38E1499A}.AppStore|iPhoneSimulator.Build.0 = Debug|Any CPU
		{A42DA17C-523C-4CBB-8561-671A38E1499A}.AppStore|iPhoneSimulator.Deploy.0 = Debug|Any CPU
		{A42DA17C-523C-4CBB-8561-671A38E1499A}.Debug|Any CPU.ActiveCfg = Debug|Any CPU
		{A42DA17C-523C-4CBB-8561-671A38E1499A}.Debug|Any CPU.Build.0 = Debug|Any CPU
		{A42DA17C-523C-4CBB-8561-671A38E1499A}.Debug|Any CPU.Deploy.0 = Debug|Any CPU
		{A42DA17C-523C-4CBB-8561-671A38E1499A}.Debug|iPhone.ActiveCfg = Debug|Any CPU
		{A42DA17C-523C-4CBB-8561-671A38E1499A}.Debug|iPhone.Build.0 = Debug|Any CPU
		{A42DA17C-523C-4CBB-8561-671A38E1499A}.Debug|iPhone.Deploy.0 = Debug|Any CPU
		{A42DA17C-523C-4CBB-8561-671A38E1499A}.Debug|iPhoneSimulator.ActiveCfg = Debug|Any CPU
		{A42DA17C-523C-4CBB-8561-671A38E1499A}.Debug|iPhoneSimulator.Build.0 = Debug|Any CPU
		{A42DA17C-523C-4CBB-8561-671A38E1499A}.Debug|iPhoneSimulator.Deploy.0 = Debug|Any CPU
		{A42DA17C-523C-4CBB-8561-671A38E1499A}.Release|Any CPU.ActiveCfg = Release|Any CPU
		{A42DA17C-523C-4CBB-8561-671A38E1499A}.Release|Any CPU.Build.0 = Release|Any CPU
		{A42DA17C-523C-4CBB-8561-671A38E1499A}.Release|Any CPU.Deploy.0 = Release|Any CPU
		{A42DA17C-523C-4CBB-8561-671A38E1499A}.Release|iPhone.ActiveCfg = Release|Any CPU
		{A42DA17C-523C-4CBB-8561-671A38E1499A}.Release|iPhone.Build.0 = Release|Any CPU
		{A42DA17C-523C-4CBB-8561-671A38E1499A}.Release|iPhone.Deploy.0 = Release|Any CPU
		{A42DA17C-523C-4CBB-8561-671A38E1499A}.Release|iPhoneSimulator.ActiveCfg = Release|Any CPU
		{A42DA17C-523C-4CBB-8561-671A38E1499A}.Release|iPhoneSimulator.Build.0 = Release|Any CPU
		{A42DA17C-523C-4CBB-8561-671A38E1499A}.Release|iPhoneSimulator.Deploy.0 = Release|Any CPU
	EndGlobalSection
	GlobalSection(SolutionProperties) = preSolution
		HideSolutionNode = FALSE
	EndGlobalSection
	GlobalSection(ExtensibilityGlobals) = postSolution
		SolutionGuid = {5CB32865-A658-4372-A20C-A8CD1A094B8D}
	EndGlobalSection
EndGlobal
